
Microsoft Visual Studio Solution File, Format Version 12.00
# Visual Studio Version 17
VisualStudioVersion = 17.9.34622.214
MinimumVisualStudioVersion = 10.0.40219.1
Project("{FAE04EC0-301F-11D3-BF4B-00C04F79EFBC}") = "PosBackend", "PosBackend.csproj", "{FF1EF3AA-2BFD-4698-9073-6655CA2A959B}"
EndProject
Global
	GlobalSection(SolutionConfigurationPlatforms) = preSolution
		Debug|Any CPU = Debug|Any CPU
		Release|Any CPU = Release|Any CPU
	EndGlobalSection
	GlobalSection(ProjectConfigurationPlatforms) = postSolution
		{FF1EF3AA-2BFD-4698-9073-6655CA2A959B}.Debug|Any CPU.ActiveCfg = Debug|Any CPU
		{FF1EF3AA-2BFD-4698-9073-6655CA2A959B}.Debug|Any CPU.Build.0 = Debug|Any CPU
		{FF1EF3AA-2BFD-4698-9073-6655CA2A959B}.Release|Any CPU.ActiveCfg = Release|Any CPU
		{FF1EF3AA-2BFD-4698-9073-6655CA2A959B}.Release|Any CPU.Build.0 = Release|Any CPU
	EndGlobalSection
	GlobalSection(SolutionProperties) = preSolution
		HideSolutionNode = FALSE
	EndGlobalSection
	GlobalSection(ExtensibilityGlobals) = postSolution
		SolutionGuid = {24237C7C-C16D-4291-A54D-BB801E8BC11C}
	EndGlobalSection
EndGlobal
