
Microsoft Visual Studio Solution File, Format Version 12.00
# Visual Studio Version 17
VisualStudioVersion = 17.9.34622.214
MinimumVisualStudioVersion = 10.0.40219.1
Project("{FAE04EC0-301F-11D3-BF4B-00C04F79EFBC}") = "PosSystem", "PosSystem.csproj", "{03FF246A-5DE2-401A-800A-F62E8238150E}"
EndProject
Global
	GlobalSection(SolutionConfigurationPlatforms) = preSolution
		Debug|Any CPU = Debug|Any CPU
		Release|Any CPU = Release|Any CPU
	EndGlobalSection
	GlobalSection(ProjectConfigurationPlatforms) = postSolution
		{03FF246A-5DE2-401A-800A-F62E8238150E}.Debug|Any CPU.ActiveCfg = Debug|Any CPU
		{03FF246A-5DE2-401A-800A-F62E8238150E}.Debug|Any CPU.Build.0 = Debug|Any CPU
		{03FF246A-5DE2-401A-800A-F62E8238150E}.Release|Any CPU.ActiveCfg = Release|Any CPU
		{03FF246A-5DE2-401A-800A-F62E8238150E}.Release|Any CPU.Build.0 = Release|Any CPU
	EndGlobalSection
	GlobalSection(SolutionProperties) = preSolution
		HideSolutionNode = FALSE
	EndGlobalSection
	GlobalSection(ExtensibilityGlobals) = postSolution
		SolutionGuid = {289F14E0-AA2B-4B55-A799-11E5764C95A6}
	EndGlobalSection
EndGlobal
